
Microsoft Visual Studio Solution File, Format Version 12.00
# Visual Studio 15
VisualStudioVersion = 15.0.28307.902
MinimumVisualStudioVersion = 10.0.40219.1
Project("{FAE04EC0-301F-11D3-BF4B-00C04F79EFBC}") = "ProyectoFinal--RyN--", "ProyectoFinal--RyN--\ProyectoFinal--RyN--.csproj", "{8DDBBCE7-A5EC-446C-A67F-F2F68175682D}"
EndProject
Global
	GlobalSection(SolutionConfigurationPlatforms) = preSolution
		Debug|Any CPU = Debug|Any CPU
		Release|Any CPU = Release|Any CPU
	EndGlobalSection
	GlobalSection(ProjectConfigurationPlatforms) = postSolution
		{8DDBBCE7-A5EC-446C-A67F-F2F68175682D}.Debug|Any CPU.ActiveCfg = Debug|Any CPU
		{8DDBBCE7-A5EC-446C-A67F-F2F68175682D}.Debug|Any CPU.Build.0 = Debug|Any CPU
		{8DDBBCE7-A5EC-446C-A67F-F2F68175682D}.Release|Any CPU.ActiveCfg = Release|Any CPU
		{8DDBBCE7-A5EC-446C-A67F-F2F68175682D}.Release|Any CPU.Build.0 = Release|Any CPU
	EndGlobalSection
	GlobalSection(SolutionProperties) = preSolution
		HideSolutionNode = FALSE
	EndGlobalSection
	GlobalSection(ExtensibilityGlobals) = postSolution
		SolutionGuid = {315BC801-679B-4012-A1A8-74F251F582E0}
	EndGlobalSection
EndGlobal
